
Microsoft Visual Studio Solution File, Format Version 12.00
# Visual Studio Version 17
VisualStudioVersion = 17.0.31903.59
MinimumVisualStudioVersion = 10.0.40219.1
Project("{FAE04EC0-301F-11D3-BF4B-00C04F79EFBC}") = "API", "API\API.csproj", "{DC2C72FC-CC35-47A1-A685-FA815ED58D59}"
EndProject
Project("{FAE04EC0-301F-11D3-BF4B-00C04F79EFBC}") = "Application", "Application\Application.csproj", "{F8E94123-EF24-4406-8D39-5BFAFE1F0464}"
EndProject
Project("{FAE04EC0-301F-11D3-BF4B-00C04F79EFBC}") = "Domain", "Domain\Domain.csproj", "{89093A2A-1FC6-4B2F-88DB-40A7D283B0E4}"
EndProject
Project("{FAE04EC0-301F-11D3-BF4B-00C04F79EFBC}") = "Persistence", "Persistence\Persistence.csproj", "{5A5CB4D7-ED51-42FB-AB28-C5A5DD709070}"
EndProject
Global
	GlobalSection(SolutionConfigurationPlatforms) = preSolution
		Debug|Any CPU = Debug|Any CPU
		Release|Any CPU = Release|Any CPU
	EndGlobalSection
	GlobalSection(SolutionProperties) = preSolution
		HideSolutionNode = FALSE
	EndGlobalSection
	GlobalSection(ProjectConfigurationPlatforms) = postSolution
		{DC2C72FC-CC35-47A1-A685-FA815ED58D59}.Debug|Any CPU.ActiveCfg = Debug|Any CPU
		{DC2C72FC-CC35-47A1-A685-FA815ED58D59}.Debug|Any CPU.Build.0 = Debug|Any CPU
		{DC2C72FC-CC35-47A1-A685-FA815ED58D59}.Release|Any CPU.ActiveCfg = Release|Any CPU
		{DC2C72FC-CC35-47A1-A685-FA815ED58D59}.Release|Any CPU.Build.0 = Release|Any CPU
		{F8E94123-EF24-4406-8D39-5BFAFE1F0464}.Debug|Any CPU.ActiveCfg = Debug|Any CPU
		{F8E94123-EF24-4406-8D39-5BFAFE1F0464}.Debug|Any CPU.Build.0 = Debug|Any CPU
		{F8E94123-EF24-4406-8D39-5BFAFE1F0464}.Release|Any CPU.ActiveCfg = Release|Any CPU
		{F8E94123-EF24-4406-8D39-5BFAFE1F0464}.Release|Any CPU.Build.0 = Release|Any CPU
		{89093A2A-1FC6-4B2F-88DB-40A7D283B0E4}.Debug|Any CPU.ActiveCfg = Debug|Any CPU
		{89093A2A-1FC6-4B2F-88DB-40A7D283B0E4}.Debug|Any CPU.Build.0 = Debug|Any CPU
		{89093A2A-1FC6-4B2F-88DB-40A7D283B0E4}.Release|Any CPU.ActiveCfg = Release|Any CPU
		{89093A2A-1FC6-4B2F-88DB-40A7D283B0E4}.Release|Any CPU.Build.0 = Release|Any CPU
		{5A5CB4D7-ED51-42FB-AB28-C5A5DD709070}.Debug|Any CPU.ActiveCfg = Debug|Any CPU
		{5A5CB4D7-ED51-42FB-AB28-C5A5DD709070}.Debug|Any CPU.Build.0 = Debug|Any CPU
		{5A5CB4D7-ED51-42FB-AB28-C5A5DD709070}.Release|Any CPU.ActiveCfg = Release|Any CPU
		{5A5CB4D7-ED51-42FB-AB28-C5A5DD709070}.Release|Any CPU.Build.0 = Release|Any CPU
	EndGlobalSection
EndGlobal
